
Microsoft Visual Studio Solution File, Format Version 12.00
# Visual Studio Version 16
VisualStudioVersion = 16.0.31410.357
MinimumVisualStudioVersion = 10.0.40219.1
Project("{FAE04EC0-301F-11D3-BF4B-00C04F79EFBC}") = "AzureZumoApp", "AzureZumoApp\AzureZumoApp\AzureZumoApp.csproj", "{A4B36201-4338-4C40-8FE2-98A31B9AF617}"
EndProject
Project("{FAE04EC0-301F-11D3-BF4B-00C04F79EFBC}") = "AzureZumoApp.Android", "AzureZumoApp\AzureZumoApp.Android\AzureZumoApp.Android.csproj", "{D6A06839-3D09-4D7E-8FBD-C46E5F5C676A}"
EndProject
Global
	GlobalSection(SolutionConfigurationPlatforms) = preSolution
		Ad-Hoc|Any CPU = Ad-Hoc|Any CPU
		Ad-Hoc|ARM = Ad-Hoc|ARM
		Ad-Hoc|iPhone = Ad-Hoc|iPhone
		Ad-Hoc|iPhoneSimulator = Ad-Hoc|iPhoneSimulator
		Ad-Hoc|x64 = Ad-Hoc|x64
		Ad-Hoc|x86 = Ad-Hoc|x86
		AppStore|Any CPU = AppStore|Any CPU
		AppStore|ARM = AppStore|ARM
		AppStore|iPhone = AppStore|iPhone
		AppStore|iPhoneSimulator = AppStore|iPhoneSimulator
		AppStore|x64 = AppStore|x64
		AppStore|x86 = AppStore|x86
		Debug|Any CPU = Debug|Any CPU
		Debug|ARM = Debug|ARM
		Debug|iPhone = Debug|iPhone
		Debug|iPhoneSimulator = Debug|iPhoneSimulator
		Debug|x64 = Debug|x64
		Debug|x86 = Debug|x86
		Release|Any CPU = Release|Any CPU
		Release|ARM = Release|ARM
		Release|iPhone = Release|iPhone
		Release|iPhoneSimulator = Release|iPhoneSimulator
		Release|x64 = Release|x64
		Release|x86 = Release|x86
	EndGlobalSection
	GlobalSection(ProjectConfigurationPlatforms) = postSolution
		{A4B36201-4338-4C40-8FE2-98A31B9AF617}.Ad-Hoc|Any CPU.ActiveCfg = Debug|Any CPU
		{A4B36201-4338-4C40-8FE2-98A31B9AF617}.Ad-Hoc|Any CPU.Build.0 = Debug|Any CPU
		{A4B36201-4338-4C40-8FE2-98A31B9AF617}.Ad-Hoc|ARM.ActiveCfg = Debug|Any CPU
		{A4B36201-4338-4C40-8FE2-98A31B9AF617}.Ad-Hoc|ARM.Build.0 = Debug|Any CPU
		{A4B36201-4338-4C40-8FE2-98A31B9AF617}.Ad-Hoc|iPhone.ActiveCfg = Debug|Any CPU
		{A4B36201-4338-4C40-8FE2-98A31B9AF617}.Ad-Hoc|iPhone.Build.0 = Debug|Any CPU
		{A4B36201-4338-4C40-8FE2-98A31B9AF617}.Ad-Hoc|iPhoneSimulator.ActiveCfg = Debug|Any CPU
		{A4B36201-4338-4C40-8FE2-98A31B9AF617}.Ad-Hoc|iPhoneSimulator.Build.0 = Debug|Any CPU
		{A4B36201-4338-4C40-8FE2-98A31B9AF617}.Ad-Hoc|x64.ActiveCfg = Debug|Any CPU
		{A4B36201-4338-4C40-8FE2-98A31B9AF617}.Ad-Hoc|x64.Build.0 = Debug|Any CPU
		{A4B36201-4338-4C40-8FE2-98A31B9AF617}.Ad-Hoc|x86.ActiveCfg = Debug|Any CPU
		{A4B36201-4338-4C40-8FE2-98A31B9AF617}.Ad-Hoc|x86.Build.0 = Debug|Any CPU
		{A4B36201-4338-4C40-8FE2-98A31B9AF617}.AppStore|Any CPU.ActiveCfg = Debug|Any CPU
		{A4B36201-4338-4C40-8FE2-98A31B9AF617}.AppStore|Any CPU.Build.0 = Debug|Any CPU
		{A4B36201-4338-4C40-8FE2-98A31B9AF617}.AppStore|ARM.ActiveCfg = Debug|Any CPU
		{A4B36201-4338-4C40-8FE2-98A31B9AF617}.AppStore|ARM.Build.0 = Debug|Any CPU
		{A4B36201-4338-4C40-8FE2-98A31B9AF617}.AppStore|iPhone.ActiveCfg = Debug|Any CPU
		{A4B36201-4338-4C40-8FE2-98A31B9AF617}.AppStore|iPhone.Build.0 = Debug|Any CPU
		{A4B36201-4338-4C40-8FE2-98A31B9AF617}.AppStore|iPhoneSimulator.ActiveCfg = Debug|Any CPU
		{A4B36201-4338-4C40-8FE2-98A31B9AF617}.AppStore|iPhoneSimulator.Build.0 = Debug|Any CPU
		{A4B36201-4338-4C40-8FE2-98A31B9AF617}.AppStore|x64.ActiveCfg = Debug|Any CPU
		{A4B36201-4338-4C40-8FE2-98A31B9AF617}.AppStore|x64.Build.0 = Debug|Any CPU
		{A4B36201-4338-4C40-8FE2-98A31B9AF617}.AppStore|x86.ActiveCfg = Debug|Any CPU
		{A4B36201-4338-4C40-8FE2-98A31B9AF617}.AppStore|x86.Build.0 = Debug|Any CPU
		{A4B36201-4338-4C40-8FE2-98A31B9AF617}.Debug|Any CPU.ActiveCfg = Debug|Any CPU
		{A4B36201-4338-4C40-8FE2-98A31B9AF617}.Debug|Any CPU.Build.0 = Debug|Any CPU
		{A4B36201-4338-4C40-8FE2-98A31B9AF617}.Debug|ARM.ActiveCfg = Debug|Any CPU
		{A4B36201-4338-4C40-8FE2-98A31B9AF617}.Debug|ARM.Build.0 = Debug|Any CPU
		{A4B36201-4338-4C40-8FE2-98A31B9AF617}.Debug|iPhone.ActiveCfg = Debug|Any CPU
		{A4B36201-4338-4C40-8FE2-98A31B9AF617}.Debug|iPhone.Build.0 = Debug|Any CPU
		{A4B36201-4338-4C40-8FE2-98A31B9AF617}.Debug|iPhoneSimulator.ActiveCfg = Debug|Any CPU
		{A4B36201-4338-4C40-8FE2-98A31B9AF617}.Debug|iPhoneSimulator.Build.0 = Debug|Any CPU
		{A4B36201-4338-4C40-8FE2-98A31B9AF617}.Debug|x64.ActiveCfg = Debug|Any CPU
		{A4B36201-4338-4C40-8FE2-98A31B9AF617}.Debug|x64.Build.0 = Debug|Any CPU
		{A4B36201-4338-4C40-8FE2-98A31B9AF617}.Debug|x86.ActiveCfg = Debug|Any CPU
		{A4B36201-4338-4C40-8FE2-98A31B9AF617}.Debug|x86.Build.0 = Debug|Any CPU
		{A4B36201-4338-4C40-8FE2-98A31B9AF617}.Release|Any CPU.ActiveCfg = Release|Any CPU
		{A4B36201-4338-4C40-8FE2-98A31B9AF617}.Release|Any CPU.Build.0 = Release|Any CPU
		{A4B36201-4338-4C40-8FE2-98A31B9AF617}.Release|ARM.ActiveCfg = Release|Any CPU
		{A4B36201-4338-4C40-8FE2-98A31B9AF617}.Release|ARM.Build.0 = Release|Any CPU
		{A4B36201-4338-4C40-8FE2-98A31B9AF617}.Release|iPhone.ActiveCfg = Release|Any CPU
		{A4B36201-4338-4C40-8FE2-98A31B9AF617}.Release|iPhone.Build.0 = Release|Any CPU
		{A4B36201-4338-4C40-8FE2-98A31B9AF617}.Release|iPhoneSimulator.ActiveCfg = Release|Any CPU
		{A4B36201-4338-4C40-8FE2-98A31B9AF617}.Release|iPhoneSimulator.Build.0 = Release|Any CPU
		{A4B36201-4338-4C40-8FE2-98A31B9AF617}.Release|x64.ActiveCfg = Release|Any CPU
		{A4B36201-4338-4C40-8FE2-98A31B9AF617}.Release|x64.Build.0 = Release|Any CPU
		{A4B36201-4338-4C40-8FE2-98A31B9AF617}.Release|x86.ActiveCfg = Release|Any CPU
		{A4B36201-4338-4C40-8FE2-98A31B9AF617}.Release|x86.Build.0 = Release|Any CPU
		{D6A06839-3D09-4D7E-8FBD-C46E5F5C676A}.Ad-Hoc|Any CPU.ActiveCfg = Debug|Any CPU
		{D6A06839-3D09-4D7E-8FBD-C46E5F5C676A}.Ad-Hoc|Any CPU.Build.0 = Debug|Any CPU
		{D6A06839-3D09-4D7E-8FBD-C46E5F5C676A}.Ad-Hoc|Any CPU.Deploy.0 = Debug|Any CPU
		{D6A06839-3D09-4D7E-8FBD-C46E5F5C676A}.Ad-Hoc|ARM.ActiveCfg = Debug|Any CPU
		{D6A06839-3D09-4D7E-8FBD-C46E5F5C676A}.Ad-Hoc|ARM.Build.0 = Debug|Any CPU
		{D6A06839-3D09-4D7E-8FBD-C46E5F5C676A}.Ad-Hoc|ARM.Deploy.0 = Debug|Any CPU
		{D6A06839-3D09-4D7E-8FBD-C46E5F5C676A}.Ad-Hoc|iPhone.ActiveCfg = Debug|Any CPU
		{D6A06839-3D09-4D7E-8FBD-C46E5F5C676A}.Ad-Hoc|iPhone.Build.0 = Debug|Any CPU
		{D6A06839-3D09-4D7E-8FBD-C46E5F5C676A}.Ad-Hoc|iPhone.Deploy.0 = Debug|Any CPU
		{D6A06839-3D09-4D7E-8FBD-C46E5F5C676A}.Ad-Hoc|iPhoneSimulator.ActiveCfg = Debug|Any CPU
		{D6A06839-3D09-4D7E-8FBD-C46E5F5C676A}.Ad-Hoc|iPhoneSimulator.Build.0 = Debug|Any CPU
		{D6A06839-3D09-4D7E-8FBD-C46E5F5C676A}.Ad-Hoc|iPhoneSimulator.Deploy.0 = Debug|Any CPU
		{D6A06839-3D09-4D7E-8FBD-C46E5F5C676A}.Ad-Hoc|x64.ActiveCfg = Debug|Any CPU
		{D6A06839-3D09-4D7E-8FBD-C46E5F5C676A}.Ad-Hoc|x64.Build.0 = Debug|Any CPU
		{D6A06839-3D09-4D7E-8FBD-C46E5F5C676A}.Ad-Hoc|x64.Deploy.0 = Debug|Any CPU
		{D6A06839-3D09-4D7E-8FBD-C46E5F5C676A}.Ad-Hoc|x86.ActiveCfg = Debug|Any CPU
		{D6A06839-3D09-4D7E-8FBD-C46E5F5C676A}.Ad-Hoc|x86.Build.0 = Debug|Any CPU
		{D6A06839-3D09-4D7E-8FBD-C46E5F5C676A}.Ad-Hoc|x86.Deploy.0 = Debug|Any CPU
		{D6A06839-3D09-4D7E-8FBD-C46E5F5C676A}.AppStore|Any CPU.ActiveCfg = Debug|Any CPU
		{D6A06839-3D09-4D7E-8FBD-C46E5F5C676A}.AppStore|Any CPU.Build.0 = Debug|Any CPU
		{D6A06839-3D09-4D7E-8FBD-C46E5F5C676A}.AppStore|Any CPU.Deploy.0 = Debug|Any CPU
		{D6A06839-3D09-4D7E-8FBD-C46E5F5C676A}.AppStore|ARM.ActiveCfg = Debug|Any CPU
		{D6A06839-3D09-4D7E-8FBD-C46E5F5C676A}.AppStore|ARM.Build.0 = Debug|Any CPU
		{D6A06839-3D09-4D7E-8FBD-C46E5F5C676A}.AppStore|ARM.Deploy.0 = Debug|Any CPU
		{D6A06839-3D09-4D7E-8FBD-C46E5F5C676A}.AppStore|iPhone.ActiveCfg = Debug|Any CPU
		{D6A06839-3D09-4D7E-8FBD-C46E5F5C676A}.AppStore|iPhone.Build.0 = Debug|Any CPU
		{D6A06839-3D09-4D7E-8FBD-C46E5F5C676A}.AppStore|iPhone.Deploy.0 = Debug|Any CPU
		{D6A06839-3D09-4D7E-8FBD-C46E5F5C676A}.AppStore|iPhoneSimulator.ActiveCfg = Debug|Any CPU
		{D6A06839-3D09-4D7E-8FBD-C46E5F5C676A}.AppStore|iPhoneSimulator.Build.0 = Debug|Any CPU
		{D6A06839-3D09-4D7E-8FBD-C46E5F5C676A}.AppStore|iPhoneSimulator.Deploy.0 = Debug|Any CPU
		{D6A06839-3D09-4D7E-8FBD-C46E5F5C676A}.AppStore|x64.ActiveCfg = Debug|Any CPU
		{D6A06839-3D09-4D7E-8FBD-C46E5F5C676A}.AppStore|x64.Build.0 = Debug|Any CPU
		{D6A06839-3D09-4D7E-8FBD-C46E5F5C676A}.AppStore|x64.Deploy.0 = Debug|Any CPU
		{D6A06839-3D09-4D7E-8FBD-C46E5F5C676A}.AppStore|x86.ActiveCfg = Debug|Any CPU
		{D6A06839-3D09-4D7E-8FBD-C46E5F5C676A}.AppStore|x86.Build.0 = Debug|Any CPU
		{D6A06839-3D09-4D7E-8FBD-C46E5F5C676A}.AppStore|x86.Deploy.0 = Debug|Any CPU
		{D6A06839-3D09-4D7E-8FBD-C46E5F5C676A}.Debug|Any CPU.ActiveCfg = Debug|Any CPU
		{D6A06839-3D09-4D7E-8FBD-C46E5F5C676A}.Debug|Any CPU.Build.0 = Debug|Any CPU
		{D6A06839-3D09-4D7E-8FBD-C46E5F5C676A}.Debug|Any CPU.Deploy.0 = Debug|Any CPU
		{D6A06839-3D09-4D7E-8FBD-C46E5F5C676A}.Debug|ARM.ActiveCfg = Debug|Any CPU
		{D6A06839-3D09-4D7E-8FBD-C46E5F5C676A}.Debug|ARM.Build.0 = Debug|Any CPU
		{D6A06839-3D09-4D7E-8FBD-C46E5F5C676A}.Debug|ARM.Deploy.0 = Debug|Any CPU
		{D6A06839-3D09-4D7E-8FBD-C46E5F5C676A}.Debug|iPhone.ActiveCfg = Debug|Any CPU
		{D6A06839-3D09-4D7E-8FBD-C46E5F5C676A}.Debug|iPhone.Build.0 = Debug|Any CPU
		{D6A06839-3D09-4D7E-8FBD-C46E5F5C676A}.Debug|iPhone.Deploy.0 = Debug|Any CPU
		{D6A06839-3D09-4D7E-8FBD-C46E5F5C676A}.Debug|iPhoneSimulator.ActiveCfg = Debug|Any CPU
		{D6A06839-3D09-4D7E-8FBD-C46E5F5C676A}.Debug|iPhoneSimulator.Build.0 = Debug|Any CPU
		{D6A06839-3D09-4D7E-8FBD-C46E5F5C676A}.Debug|iPhoneSimulator.Deploy.0 = Debug|Any CPU
		{D6A06839-3D09-4D7E-8FBD-C46E5F5C676A}.Debug|x64.ActiveCfg = Debug|Any CPU
		{D6A06839-3D09-4D7E-8FBD-C46E5F5C676A}.Debug|x64.Build.0 = Debug|Any CPU
		{D6A06839-3D09-4D7E-8FBD-C46E5F5C676A}.Debug|x64.Deploy.0 = Debug|Any CPU
		{D6A06839-3D09-4D7E-8FBD-C46E5F5C676A}.Debug|x86.ActiveCfg = Debug|Any CPU
		{D6A06839-3D09-4D7E-8FBD-C46E5F5C676A}.Debug|x86.Build.0 = Debug|Any CPU
		{D6A06839-3D09-4D7E-8FBD-C46E5F5C676A}.Debug|x86.Deploy.0 = Debug|Any CPU
		{D6A06839-3D09-4D7E-8FBD-C46E5F5C676A}.Release|Any CPU.ActiveCfg = Release|Any CPU
		{D6A06839-3D09-4D7E-8FBD-C46E5F5C676A}.Release|Any CPU.Build.0 = Release|Any CPU
		{D6A06839-3D09-4D7E-8FBD-C46E5F5C676A}.Release|Any CPU.Deploy.0 = Release|Any CPU
		{D6A06839-3D09-4D7E-8FBD-C46E5F5C676A}.Release|ARM.ActiveCfg = Release|Any CPU
		{D6A06839-3D09-4D7E-8FBD-C46E5F5C676A}.Release|ARM.Build.0 = Release|Any CPU
		{D6A06839-3D09-4D7E-8FBD-C46E5F5C676A}.Release|ARM.Deploy.0 = Release|Any CPU
		{D6A06839-3D09-4D7E-8FBD-C46E5F5C676A}.Release|iPhone.ActiveCfg = Release|Any CPU
		{D6A06839-3D09-4D7E-8FBD-C46E5F5C676A}.Release|iPhone.Build.0 = Release|Any CPU
		{D6A06839-3D09-4D7E-8FBD-C46E5F5C676A}.Release|iPhone.Deploy.0 = Release|Any CPU
		{D6A06839-3D09-4D7E-8FBD-C46E5F5C676A}.Release|iPhoneSimulator.ActiveCfg = Release|Any CPU
		{D6A06839-3D09-4D7E-8FBD-C46E5F5C676A}.Release|iPhoneSimulator.Build.0 = Release|Any CPU
		{D6A06839-3D09-4D7E-8FBD-C46E5F5C676A}.Release|iPhoneSimulator.Deploy.0 = Release|Any CPU
		{D6A06839-3D09-4D7E-8FBD-C46E5F5C676A}.Release|x64.ActiveCfg = Release|Any CPU
		{D6A06839-3D09-4D7E-8FBD-C46E5F5C676A}.Release|x64.Build.0 = Release|Any CPU
		{D6A06839-3D09-4D7E-8FBD-C46E5F5C676A}.Release|x64.Deploy.0 = Release|Any CPU
		{D6A06839-3D09-4D7E-8FBD-C46E5F5C676A}.Release|x86.ActiveCfg = Release|Any CPU
		{D6A06839-3D09-4D7E-8FBD-C46E5F5C676A}.Release|x86.Build.0 = Release|Any CPU
		{D6A06839-3D09-4D7E-8FBD-C46E5F5C676A}.Release|x86.Deploy.0 = Release|Any CPU
	EndGlobalSection
	GlobalSection(SolutionProperties) = preSolution
		HideSolutionNode = FALSE
	EndGlobalSection
	GlobalSection(ExtensibilityGlobals) = postSolution
		SolutionGuid = {FF40BA2B-7B70-4984-BFFD-B7CE9EB1623E}
	EndGlobalSection
EndGlobal
